
Microsoft Visual Studio Solution File, Format Version 12.00
# Visual Studio Version 17
VisualStudioVersion = 17.4.33205.214
MinimumVisualStudioVersion = 10.0.40219.1
Project("{FAE04EC0-301F-11D3-BF4B-00C04F79EFBC}") = "student_registration", "student_registration.csproj", "{3F8C2190-F349-4C39-A63F-A1E9325D4EC1}"
EndProject
Global
	GlobalSection(SolutionConfigurationPlatforms) = preSolution
		Debug|Any CPU = Debug|Any CPU
		Release|Any CPU = Release|Any CPU
	EndGlobalSection
	GlobalSection(ProjectConfigurationPlatforms) = postSolution
		{3F8C2190-F349-4C39-A63F-A1E9325D4EC1}.Debug|Any CPU.ActiveCfg = Debug|Any CPU
		{3F8C2190-F349-4C39-A63F-A1E9325D4EC1}.Debug|Any CPU.Build.0 = Debug|Any CPU
		{3F8C2190-F349-4C39-A63F-A1E9325D4EC1}.Release|Any CPU.ActiveCfg = Release|Any CPU
		{3F8C2190-F349-4C39-A63F-A1E9325D4EC1}.Release|Any CPU.Build.0 = Release|Any CPU
	EndGlobalSection
	GlobalSection(SolutionProperties) = preSolution
		HideSolutionNode = FALSE
	EndGlobalSection
	GlobalSection(ExtensibilityGlobals) = postSolution
		SolutionGuid = {50F5F178-BFB6-4446-8DC0-77F9FD2C7C26}
	EndGlobalSection
EndGlobal
